// !$*UTF8*$!
{
	archiveVersion = 1;
	classes = {
	};
	objectVersion = 56;
	objects = {

/* Begin PBXBuildFile section */
		53C9BEB729A3305B0069B498 /* PodcastChatGPTApp.swift in Sources */ = {isa = PBXBuildFile; fileRef = 53C9BEB629A3305B0069B498 /* PodcastChatGPTApp.swift */; };
		53C9BEBB29A3305C0069B498 /* Assets.xcassets in Resources */ = {isa = PBXBuildFile; fileRef = 53C9BEBA29A3305C0069B498 /* Assets.xcassets */; };
		53C9BEBE29A3305C0069B498 /* Preview Assets.xcassets in Resources */ = {isa = PBXBuildFile; fileRef = 53C9BEBD29A3305C0069B498 /* Preview Assets.xcassets */; };
		53C9BEC629A330FA0069B498 /* Alamofire in Frameworks */ = {isa = PBXBuildFile; productRef = 53C9BEC529A330FA0069B498 /* Alamofire */; };
		53C9BEC929A331310069B498 /* SwiftyJSON in Frameworks */ = {isa = PBXBuildFile; productRef = 53C9BEC829A331310069B498 /* SwiftyJSON */; };
		53C9BECC29A3317D0069B498 /* Kingfisher in Frameworks */ = {isa = PBXBuildFile; productRef = 53C9BECB29A3317D0069B498 /* Kingfisher */; };
		53C9BECF29A331960069B498 /* Podcast.swift in Sources */ = {isa = PBXBuildFile; fileRef = 53C9BECE29A331960069B498 /* Podcast.swift */; };
		53C9BED229A331BB0069B498 /* PodcastsViewModel.swift in Sources */ = {isa = PBXBuildFile; fileRef = 53C9BED129A331BB0069B498 /* PodcastsViewModel.swift */; };
		53C9BED529A332040069B498 /* PodcastsView.swift in Sources */ = {isa = PBXBuildFile; fileRef = 53C9BED429A332040069B498 /* PodcastsView.swift */; };
		53C9BED729A332300069B498 /* PodcastRow.swift in Sources */ = {isa = PBXBuildFile; fileRef = 53C9BED629A332300069B498 /* PodcastRow.swift */; };
		53C9BED929A3325F0069B498 /* PodcastsDetailView.swift in Sources */ = {isa = PBXBuildFile; fileRef = 53C9BED829A3325F0069B498 /* PodcastsDetailView.swift */; };
/* End PBXBuildFile section */

/* Begin PBXFileReference section */
		53C9BEB329A3305B0069B498 /* PodcastChatGPT.app */ = {isa = PBXFileReference; explicitFileType = wrapper.application; includeInIndex = 0; path = PodcastChatGPT.app; sourceTree = BUILT_PRODUCTS_DIR; };
		53C9BEB629A3305B0069B498 /* PodcastChatGPTApp.swift */ = {isa = PBXFileReference; lastKnownFileType = sourcecode.swift; path = PodcastChatGPTApp.swift; sourceTree = "<group>"; };
		53C9BEBA29A3305C0069B498 /* Assets.xcassets */ = {isa = PBXFileReference; lastKnownFileType = folder.assetcatalog; path = Assets.xcassets; sourceTree = "<group>"; };
		53C9BEBD29A3305C0069B498 /* Preview Assets.xcassets */ = {isa = PBXFileReference; lastKnownFileType = folder.assetcatalog; path = "Preview Assets.xcassets"; sourceTree = "<group>"; };
		53C9BECE29A331960069B498 /* Podcast.swift */ = {isa = PBXFileReference; lastKnownFileType = sourcecode.swift; path = Podcast.swift; sourceTree = "<group>"; };
		53C9BED129A331BB0069B498 /* PodcastsViewModel.swift */ = {isa = PBXFileReference; lastKnownFileType = sourcecode.swift; path = PodcastsViewModel.swift; sourceTree = "<group>"; };
		53C9BED429A332040069B498 /* PodcastsView.swift */ = {isa = PBXFileReference; lastKnownFileType = sourcecode.swift; path = PodcastsView.swift; sourceTree = "<group>"; };
		53C9BED629A332300069B498 /* PodcastRow.swift */ = {isa = PBXFileReference; lastKnownFileType = sourcecode.swift; path = PodcastRow.swift; sourceTree = "<group>"; };
		53C9BED829A3325F0069B498 /* PodcastsDetailView.swift */ = {isa = PBXFileReference; lastKnownFileType = sourcecode.swift; path = PodcastsDetailView.swift; sourceTree = "<group>"; };
/* End PBXFileReference section */

/* Begin PBXFrameworksBuildPhase section */
		53C9BEB029A3305B0069B498 /* Frameworks */ = {
			isa = PBXFrameworksBuildPhase;
			buildActionMask = 2147483647;
			files = (
				53C9BECC29A3317D0069B498 /* Kingfisher in Frameworks */,
				53C9BEC929A331310069B498 /* SwiftyJSON in Frameworks */,
				53C9BEC629A330FA0069B498 /* Alamofire in Frameworks */,
			);
			runOnlyForDeploymentPostprocessing = 0;
		};
/* End PBXFrameworksBuildPhase section */

/* Begin PBXGroup section */
		53365E2329A388B800196CBB /* App */ = {
			isa = PBXGroup;
			children = (
				53C9BEB629A3305B0069B498 /* PodcastChatGPTApp.swift */,
			);
			path = App;
			sourceTree = "<group>";
		};
		53365E2429A388C800196CBB /* Resources */ = {
			isa = PBXGroup;
			children = (
				53C9BEBA29A3305C0069B498 /* Assets.xcassets */,
			);
			path = Resources;
			sourceTree = "<group>";
		};
		53C9BEAA29A3305B0069B498 = {
			isa = PBXGroup;
			children = (
				53C9BEB529A3305B0069B498 /* PodcastChatGPT */,
				53C9BEB429A3305B0069B498 /* Products */,
			);
			sourceTree = "<group>";
		};
		53C9BEB429A3305B0069B498 /* Products */ = {
			isa = PBXGroup;
			children = (
				53C9BEB329A3305B0069B498 /* PodcastChatGPT.app */,
			);
			name = Products;
			sourceTree = "<group>";
		};
		53C9BEB529A3305B0069B498 /* PodcastChatGPT */ = {
			isa = PBXGroup;
			children = (
				53365E2329A388B800196CBB /* App */,
				53C9BECD29A331820069B498 /* Model */,
				53C9BED329A331D00069B498 /* View */,
				53C9BED029A331AA0069B498 /* ViewModel */,
				53365E2429A388C800196CBB /* Resources */,
				53C9BEBC29A3305C0069B498 /* Preview Content */,
			);
			path = PodcastChatGPT;
			sourceTree = "<group>";
		};
		53C9BEBC29A3305C0069B498 /* Preview Content */ = {
			isa = PBXGroup;
			children = (
				53C9BEBD29A3305C0069B498 /* Preview Assets.xcassets */,
			);
			path = "Preview Content";
			sourceTree = "<group>";
		};
		53C9BECD29A331820069B498 /* Model */ = {
			isa = PBXGroup;
			children = (
				53C9BECE29A331960069B498 /* Podcast.swift */,
			);
			path = Model;
			sourceTree = "<group>";
		};
		53C9BED029A331AA0069B498 /* ViewModel */ = {
			isa = PBXGroup;
			children = (
				53C9BED129A331BB0069B498 /* PodcastsViewModel.swift */,
			);
			path = ViewModel;
			sourceTree = "<group>";
		};
		53C9BED329A331D00069B498 /* View */ = {
			isa = PBXGroup;
			children = (
				53C9BED429A332040069B498 /* PodcastsView.swift */,
				53C9BED629A332300069B498 /* PodcastRow.swift */,
				53C9BED829A3325F0069B498 /* PodcastsDetailView.swift */,
			);
			path = View;
			sourceTree = "<group>";
		};
/* End PBXGroup section */

/* Begin PBXNativeTarget section */
		53C9BEB229A3305B0069B498 /* PodcastChatGPT */ = {
			isa = PBXNativeTarget;
			buildConfigurationList = 53C9BEC129A3305C0069B498 /* Build configuration list for PBXNativeTarget "PodcastChatGPT" */;
			buildPhases = (
				53C9BEAF29A3305B0069B498 /* Sources */,
				53C9BEB029A3305B0069B498 /* Frameworks */,
				53C9BEB129A3305B0069B498 /* Resources */,
			);
			buildRules = (
			);
			dependencies = (
			);
			name = PodcastChatGPT;
			packageProductDependencies = (
				53C9BEC529A330FA0069B498 /* Alamofire */,
				53C9BEC829A331310069B498 /* SwiftyJSON */,
				53C9BECB29A3317D0069B498 /* Kingfisher */,
			);
			productName = PodcastChatGPT;
			productReference = 53C9BEB329A3305B0069B498 /* PodcastChatGPT.app */;
			productType = "com.apple.product-type.application";
		};
/* End PBXNativeTarget section */

/* Begin PBXProject section */
		53C9BEAB29A3305B0069B498 /* Project object */ = {
			isa = PBXProject;
			attributes = {
				BuildIndependentTargetsInParallel = 1;
				LastSwiftUpdateCheck = 1420;
				LastUpgradeCheck = 1420;
				TargetAttributes = {
					53C9BEB229A3305B0069B498 = {
						CreatedOnToolsVersion = 14.2;
					};
				};
			};
			buildConfigurationList = 53C9BEAE29A3305B0069B498 /* Build configuration list for PBXProject "PodcastChatGPT" */;
			compatibilityVersion = "Xcode 14.0";
			developmentRegion = en;
			hasScannedForEncodings = 0;
			knownRegions = (
				en,
				Base,
			);
			mainGroup = 53C9BEAA29A3305B0069B498;
			packageReferences = (
				53C9BEC429A330F90069B498 /* XCRemoteSwiftPackageReference "Alamofire" */,
				53C9BEC729A331310069B498 /* XCRemoteSwiftPackageReference "SwiftyJSON" */,
				53C9BECA29A3317D0069B498 /* XCRemoteSwiftPackageReference "Kingfisher" */,
			);
			productRefGroup = 53C9BEB429A3305B0069B498 /* Products */;
			projectDirPath = "";
			projectRoot = "";
			targets = (
				53C9BEB229A3305B0069B498 /* PodcastChatGPT */,
			);
		};
/* End PBXProject section */

/* Begin PBXResourcesBuildPhase section */
		53C9BEB129A3305B0069B498 /* Resources */ = {
			isa = PBXResourcesBuildPhase;
			buildActionMask = 2147483647;
			files = (
				53C9BEBE29A3305C0069B498 /* Preview Assets.xcassets in Resources */,
				53C9BEBB29A3305C0069B498 /* Assets.xcassets in Resources */,
			);
			runOnlyForDeploymentPostprocessing = 0;
		};
/* End PBXResourcesBuildPhase section */

/* Begin PBXSourcesBuildPhase section */
		53C9BEAF29A3305B0069B498 /* Sources */ = {
			isa = PBXSourcesBuildPhase;
			buildActionMask = 2147483647;
			files = (
				53C9BED929A3325F0069B498 /* PodcastsDetailView.swift in Sources */,
				53C9BED529A332040069B498 /* PodcastsView.swift in Sources */,
				53C9BEB729A3305B0069B498 /* PodcastChatGPTApp.swift in Sources */,
				53C9BECF29A331960069B498 /* Podcast.swift in Sources */,
				53C9BED229A331BB0069B498 /* PodcastsViewModel.swift in Sources */,
				53C9BED729A332300069B498 /* PodcastRow.swift in Sources */,
			);
			runOnlyForDeploymentPostprocessing = 0;
		};
/* End PBXSourcesBuildPhase section */

/* Begin XCBuildConfiguration section */
		53C9BEBF29A3305C0069B498 /* Debug */ = {
			isa = XCBuildConfiguration;
			buildSettings = {
				ALWAYS_SEARCH_USER_PATHS = NO;
				CLANG_ANALYZER_NONNULL = YES;
				CLANG_ANALYZER_NUMBER_OBJECT_CONVERSION = YES_AGGRESSIVE;
				CLANG_CXX_LANGUAGE_STANDARD = "gnu++20";
				CLANG_ENABLE_MODULES = YES;
				CLANG_ENABLE_OBJC_ARC = YES;
				CLANG_ENABLE_OBJC_WEAK = YES;
				CLANG_WARN_BLOCK_CAPTURE_AUTORELEASING = YES;
				CLANG_WARN_BOOL_CONVERSION = YES;
				CLANG_WARN_COMMA = YES;
				CLANG_WARN_CONSTANT_CONVERSION = YES;
				CLANG_WARN_DEPRECATED_OBJC_IMPLEMENTATIONS = YES;
				CLANG_WARN_DIRECT_OBJC_ISA_USAGE = YES_ERROR;
				CLANG_WARN_DOCUMENTATION_COMMENTS = YES;
				CLANG_WARN_EMPTY_BODY = YES;
				CLANG_WARN_ENUM_CONVERSION = YES;
				CLANG_WARN_INFINITE_RECURSION = YES;
				CLANG_WARN_INT_CONVERSION = YES;
				CLANG_WARN_NON_LITERAL_NULL_CONVERSION = YES;
				CLANG_WARN_OBJC_IMPLICIT_RETAIN_SELF = YES;
				CLANG_WARN_OBJC_LITERAL_CONVERSION = YES;
				CLANG_WARN_OBJC_ROOT_CLASS = YES_ERROR;
				CLANG_WARN_QUOTED_INCLUDE_IN_FRAMEWORK_HEADER = YES;
				CLANG_WARN_RANGE_LOOP_ANALYSIS = YES;
				CLANG_WARN_STRICT_PROTOTYPES = YES;
				CLANG_WARN_SUSPICIOUS_MOVE = YES;
				CLANG_WARN_UNGUARDED_AVAILABILITY = YES_AGGRESSIVE;
				CLANG_WARN_UNREACHABLE_CODE = YES;
				CLANG_WARN__DUPLICATE_METHOD_MATCH = YES;
				COPY_PHASE_STRIP = NO;
				DEBUG_INFORMATION_FORMAT = dwarf;
				ENABLE_STRICT_OBJC_MSGSEND = YES;
				ENABLE_TESTABILITY = YES;
				GCC_C_LANGUAGE_STANDARD = gnu11;
				GCC_DYNAMIC_NO_PIC = NO;
				GCC_NO_COMMON_BLOCKS = YES;
				GCC_OPTIMIZATION_LEVEL = 0;
				GCC_PREPROCESSOR_DEFINITIONS = (
					"DEBUG=1",
					"$(inherited)",
				);
				GCC_WARN_64_TO_32_BIT_CONVERSION = YES;
				GCC_WARN_ABOUT_RETURN_TYPE = YES_ERROR;
				GCC_WARN_UNDECLARED_SELECTOR = YES;
				GCC_WARN_UNINITIALIZED_AUTOS = YES_AGGRESSIVE;
				GCC_WARN_UNUSED_FUNCTION = YES;
				GCC_WARN_UNUSED_VARIABLE = YES;
				IPHONEOS_DEPLOYMENT_TARGET = 16.2;
				MTL_ENABLE_DEBUG_INFO = INCLUDE_SOURCE;
				MTL_FAST_MATH = YES;
				ONLY_ACTIVE_ARCH = YES;
				SDKROOT = iphoneos;
				SWIFT_ACTIVE_COMPILATION_CONDITIONS = DEBUG;
				SWIFT_OPTIMIZATION_LEVEL = "-Onone";
			};
			name = Debug;
		};
		53C9BEC029A3305C0069B498 /* Release */ = {
			isa = XCBuildConfiguration;
			buildSettings = {
				ALWAYS_SEARCH_USER_PATHS = NO;
				CLANG_ANALYZER_NONNULL = YES;
				CLANG_ANALYZER_NUMBER_OBJECT_CONVERSION = YES_AGGRESSIVE;
				CLANG_CXX_LANGUAGE_STANDARD = "gnu++20";
				CLANG_ENABLE_MODULES = YES;
				CLANG_ENABLE_OBJC_ARC = YES;
				CLANG_ENABLE_OBJC_WEAK = YES;
				CLANG_WARN_BLOCK_CAPTURE_AUTORELEASING = YES;
				CLANG_WARN_BOOL_CONVERSION = YES;
				CLANG_WARN_COMMA = YES;
				CLANG_WARN_CONSTANT_CONVERSION = YES;
				CLANG_WARN_DEPRECATED_OBJC_IMPLEMENTATIONS = YES;
				CLANG_WARN_DIRECT_OBJC_ISA_USAGE = YES_ERROR;
				CLANG_WARN_DOCUMENTATION_COMMENTS = YES;
				CLANG_WARN_EMPTY_BODY = YES;
				CLANG_WARN_ENUM_CONVERSION = YES;
				CLANG_WARN_INFINITE_RECURSION = YES;
				CLANG_WARN_INT_CONVERSION = YES;
				CLANG_WARN_NON_LITERAL_NULL_CONVERSION = YES;
				CLANG_WARN_OBJC_IMPLICIT_RETAIN_SELF = YES;
				CLANG_WARN_OBJC_LITERAL_CONVERSION = YES;
				CLANG_WARN_OBJC_ROOT_CLASS = YES_ERROR;
				CLANG_WARN_QUOTED_INCLUDE_IN_FRAMEWORK_HEADER = YES;
				CLANG_WARN_RANGE_LOOP_ANALYSIS = YES;
				CLANG_WARN_STRICT_PROTOTYPES = YES;
				CLANG_WARN_SUSPICIOUS_MOVE = YES;
				CLANG_WARN_UNGUARDED_AVAILABILITY = YES_AGGRESSIVE;
				CLANG_WARN_UNREACHABLE_CODE = YES;
				CLANG_WARN__DUPLICATE_METHOD_MATCH = YES;
				COPY_PHASE_STRIP = NO;
				DEBUG_INFORMATION_FORMAT = "dwarf-with-dsym";
				ENABLE_NS_ASSERTIONS = NO;
				ENABLE_STRICT_OBJC_MSGSEND = YES;
				GCC_C_LANGUAGE_STANDARD = gnu11;
				GCC_NO_COMMON_BLOCKS = YES;
				GCC_WARN_64_TO_32_BIT_CONVERSION = YES;
				GCC_WARN_ABOUT_RETURN_TYPE = YES_ERROR;
				GCC_WARN_UNDECLARED_SELECTOR = YES;
				GCC_WARN_UNINITIALIZED_AUTOS = YES_AGGRESSIVE;
				GCC_WARN_UNUSED_FUNCTION = YES;
				GCC_WARN_UNUSED_VARIABLE = YES;
				IPHONEOS_DEPLOYMENT_TARGET = 16.2;
				MTL_ENABLE_DEBUG_INFO = NO;
				MTL_FAST_MATH = YES;
				SDKROOT = iphoneos;
				SWIFT_COMPILATION_MODE = wholemodule;
				SWIFT_OPTIMIZATION_LEVEL = "-O";
				VALIDATE_PRODUCT = YES;
			};
			name = Release;
		};
		53C9BEC229A3305C0069B498 /* Debug */ = {
			isa = XCBuildConfiguration;
			buildSettings = {
				ASSETCATALOG_COMPILER_APPICON_NAME = AppIcon;
				ASSETCATALOG_COMPILER_GLOBAL_ACCENT_COLOR_NAME = AccentColor;
				CODE_SIGN_STYLE = Automatic;
				CURRENT_PROJECT_VERSION = 1;
				DEVELOPMENT_ASSET_PATHS = "\"PodcastChatGPT/Preview Content\"";
				DEVELOPMENT_TEAM = EJGCGKY84H;
				ENABLE_PREVIEWS = YES;
				GENERATE_INFOPLIST_FILE = YES;
				INFOPLIST_KEY_UIApplicationSceneManifest_Generation = YES;
				INFOPLIST_KEY_UIApplicationSupportsIndirectInputEvents = YES;
				INFOPLIST_KEY_UILaunchScreen_Generation = YES;
				INFOPLIST_KEY_UISupportedInterfaceOrientations_iPad = "UIInterfaceOrientationPortrait UIInterfaceOrientationPortraitUpsideDown UIInterfaceOrientationLandscapeLeft UIInterfaceOrientationLandscapeRight";
				INFOPLIST_KEY_UISupportedInterfaceOrientations_iPhone = "UIInterfaceOrientationPortrait UIInterfaceOrientationLandscapeLeft UIInterfaceOrientationLandscapeRight";
				LD_RUNPATH_SEARCH_PATHS = (
					"$(inherited)",
					"@executable_path/Frameworks",
				);
				MARKETING_VERSION = 1.0;
				PRODUCT_BUNDLE_IDENTIFIER = com.iswift.PodcastChatGPT;
				PRODUCT_NAME = "$(TARGET_NAME)";
				SWIFT_EMIT_LOC_STRINGS = YES;
				SWIFT_VERSION = 5.0;
				TARGETED_DEVICE_FAMILY = "1,2";
			};
			name = Debug;
		};
		53C9BEC329A3305C0069B498 /* Release */ = {
			isa = XCBuildConfiguration;
			buildSettings = {
				ASSETCATALOG_COMPILER_APPICON_NAME = AppIcon;
				ASSETCATALOG_COMPILER_GLOBAL_ACCENT_COLOR_NAME = AccentColor;
				CODE_SIGN_STYLE = Automatic;
				CURRENT_PROJECT_VERSION = 1;
				DEVELOPMENT_ASSET_PATHS = "\"PodcastChatGPT/Preview Content\"";
				DEVELOPMENT_TEAM = EJGCGKY84H;
				ENABLE_PREVIEWS = YES;
				GENERATE_INFOPLIST_FILE = YES;
				INFOPLIST_KEY_UIApplicationSceneManifest_Generation = YES;
				INFOPLIST_KEY_UIApplicationSupportsIndirectInputEvents = YES;
				INFOPLIST_KEY_UILaunchScreen_Generation = YES;
				INFOPLIST_KEY_UISupportedInterfaceOrientations_iPad = "UIInterfaceOrientationPortrait UIInterfaceOrientationPortraitUpsideDown UIInterfaceOrientationLandscapeLeft UIInterfaceOrientationLandscapeRight";
				INFOPLIST_KEY_UISupportedInterfaceOrientations_iPhone = "UIInterfaceOrientationPortrait UIInterfaceOrientationLandscapeLeft UIInterfaceOrientationLandscapeRight";
				LD_RUNPATH_SEARCH_PATHS = (
					"$(inherited)",
					"@executable_path/Frameworks",
				);
				MARKETING_VERSION = 1.0;
				PRODUCT_BUNDLE_IDENTIFIER = com.iswift.PodcastChatGPT;
				PRODUCT_NAME = "$(TARGET_NAME)";
				SWIFT_EMIT_LOC_STRINGS = YES;
				SWIFT_VERSION = 5.0;
				TARGETED_DEVICE_FAMILY = "1,2";
			};
			name = Release;
		};
/* End XCBuildConfiguration section */

/* Begin XCConfigurationList section */
		53C9BEAE29A3305B0069B498 /* Build configuration list for PBXProject "PodcastChatGPT" */ = {
			isa = XCConfigurationList;
			buildConfigurations = (
				53C9BEBF29A3305C0069B498 /* Debug */,
				53C9BEC029A3305C0069B498 /* Release */,
			);
			defaultConfigurationIsVisible = 0;
			defaultConfigurationName = Release;
		};
		53C9BEC129A3305C0069B498 /* Build configuration list for PBXNativeTarget "PodcastChatGPT" */ = {
			isa = XCConfigurationList;
			buildConfigurations = (
				53C9BEC229A3305C0069B498 /* Debug */,
				53C9BEC329A3305C0069B498 /* Release */,
			);
			defaultConfigurationIsVisible = 0;
			defaultConfigurationName = Release;
		};
/* End XCConfigurationList section */

/* Begin XCRemoteSwiftPackageReference section */
		53C9BEC429A330F90069B498 /* XCRemoteSwiftPackageReference "Alamofire" */ = {
			isa = XCRemoteSwiftPackageReference;
			repositoryURL = "https://github.com/Alamofire/Alamofire";
			requirement = {
				branch = master;
				kind = branch;
			};
		};
		53C9BEC729A331310069B498 /* XCRemoteSwiftPackageReference "SwiftyJSON" */ = {
			isa = XCRemoteSwiftPackageReference;
			repositoryURL = "https://github.com/SwiftyJSON/SwiftyJSON.git";
			requirement = {
				kind = upToNextMajorVersion;
				minimumVersion = 5.0.0;
			};
		};
		53C9BECA29A3317D0069B498 /* XCRemoteSwiftPackageReference "Kingfisher" */ = {
			isa = XCRemoteSwiftPackageReference;
			repositoryURL = "https://github.com/onevcat/Kingfisher.git";
			requirement = {
				kind = upToNextMajorVersion;
				minimumVersion = 7.0.0;
			};
		};
/* End XCRemoteSwiftPackageReference section */

/* Begin XCSwiftPackageProductDependency section */
		53C9BEC529A330FA0069B498 /* Alamofire */ = {
			isa = XCSwiftPackageProductDependency;
			package = 53C9BEC429A330F90069B498 /* XCRemoteSwiftPackageReference "Alamofire" */;
			productName = Alamofire;
		};
		53C9BEC829A331310069B498 /* SwiftyJSON */ = {
			isa = XCSwiftPackageProductDependency;
			package = 53C9BEC729A331310069B498 /* XCRemoteSwiftPackageReference "SwiftyJSON" */;
			productName = SwiftyJSON;
		};
		53C9BECB29A3317D0069B498 /* Kingfisher */ = {
			isa = XCSwiftPackageProductDependency;
			package = 53C9BECA29A3317D0069B498 /* XCRemoteSwiftPackageReference "Kingfisher" */;
			productName = Kingfisher;
		};
/* End XCSwiftPackageProductDependency section */
	};
	rootObject = 53C9BEAB29A3305B0069B498 /* Project object */;
}
